{
  "originHash" : "ab7ddeee2059c521b1cb1eb4a1d7971bad8c4d94842d99c4ec638ecd9779317b",
  "pins" : [
    {
      "identity" : "lottie-ios",
      "kind" : "remoteSourceControl",
      "location" : "https://github.com/airbnb/lottie-ios.git",
      "state" : {
        "revision" : "fe4c6fe3a0aa66cdeb51d549623c82ca9704b9a5",
        "version" : "4.5.0"
      }
    },
    {
      "identity" : "superscript-ios",
      "kind" : "remoteSourceControl",
      "location" : "https://github.com/superwall/Superscript-iOS",
      "state" : {
        "revision" : "384c66775f5fdde3b27858d016eb285fae6b1d7d",
        "version" : "0.2.4"
      }
    },
    {
      "identity" : "superwall-ios",
      "kind" : "remoteSourceControl",
      "location" : "https://github.com/superwall/Superwall-iOS",
      "state" : {
        "revision" : "6800bd09032323135ae4d3ea4401cb429dc5990a",
        "version" : "4.3.5"
      }
    }
  ],
  "version" : 3
}
